
Microsoft Visual Studio Solution File, Format Version 12.00
# Visual Studio Version 16
VisualStudioVersion = 16.0.29926.136
MinimumVisualStudioVersion = 15.0.26124.0
Project("{2150E333-8FDC-42A3-9474-1A3956D46DE8}") = "src", "src", "{021C433E-F4D6-4F2A-98E3-27F6B5B33E72}"
EndProject
Project("{9A19103F-16F7-4668-BE54-9A1E7A4F7556}") = "TakNotify.Provider.SendGrid", "src\TakNotify.Provider.SendGrid\TakNotify.Provider.SendGrid.csproj", "{46DC25F6-8B6E-44DE-B32C-AD07CEBDB611}"
EndProject
Project("{2150E333-8FDC-42A3-9474-1A3956D46DE8}") = "test", "test", "{E69B363E-5535-4D62-80EF-9ACCB90A7998}"
EndProject
Project("{9A19103F-16F7-4668-BE54-9A1E7A4F7556}") = "TakNotify.Provider.SendGrid.Test", "test\TakNotify.Provider.SendGrid.Test\TakNotify.Provider.SendGrid.Test.csproj", "{DC1AE840-538C-4580-ACD6-90854AD0DBDF}"
EndProject
Project("{2150E333-8FDC-42A3-9474-1A3956D46DE8}") = "Solution Items", "Solution Items", "{EC85D9E5-6BEF-4ADE-95FF-2A6478C85E86}"
	ProjectSection(SolutionItems) = preProject
		build-test.ps1 = build-test.ps1
		build.ps1 = build.ps1
		README.md = README.md
	EndProjectSection
EndProject
Global
	GlobalSection(SolutionConfigurationPlatforms) = preSolution
		Debug|Any CPU = Debug|Any CPU
		Debug|x64 = Debug|x64
		Debug|x86 = Debug|x86
		Release|Any CPU = Release|Any CPU
		Release|x64 = Release|x64
		Release|x86 = Release|x86
	EndGlobalSection
	GlobalSection(ProjectConfigurationPlatforms) = postSolution
		{46DC25F6-8B6E-44DE-B32C-AD07CEBDB611}.Debug|Any CPU.ActiveCfg = Debug|Any CPU
		{46DC25F6-8B6E-44DE-B32C-AD07CEBDB611}.Debug|Any CPU.Build.0 = Debug|Any CPU
		{46DC25F6-8B6E-44DE-B32C-AD07CEBDB611}.Debug|x64.ActiveCfg = Debug|Any CPU
		{46DC25F6-8B6E-44DE-B32C-AD07CEBDB611}.Debug|x64.Build.0 = Debug|Any CPU
		{46DC25F6-8B6E-44DE-B32C-AD07CEBDB611}.Debug|x86.ActiveCfg = Debug|Any CPU
		{46DC25F6-8B6E-44DE-B32C-AD07CEBDB611}.Debug|x86.Build.0 = Debug|Any CPU
		{46DC25F6-8B6E-44DE-B32C-AD07CEBDB611}.Release|Any CPU.ActiveCfg = Release|Any CPU
		{46DC25F6-8B6E-44DE-B32C-AD07CEBDB611}.Release|Any CPU.Build.0 = Release|Any CPU
		{46DC25F6-8B6E-44DE-B32C-AD07CEBDB611}.Release|x64.ActiveCfg = Release|Any CPU
		{46DC25F6-8B6E-44DE-B32C-AD07CEBDB611}.Release|x64.Build.0 = Release|Any CPU
		{46DC25F6-8B6E-44DE-B32C-AD07CEBDB611}.Release|x86.ActiveCfg = Release|Any CPU
		{46DC25F6-8B6E-44DE-B32C-AD07CEBDB611}.Release|x86.Build.0 = Release|Any CPU
		{DC1AE840-538C-4580-ACD6-90854AD0DBDF}.Debug|Any CPU.ActiveCfg = Debug|Any CPU
		{DC1AE840-538C-4580-ACD6-90854AD0DBDF}.Debug|Any CPU.Build.0 = Debug|Any CPU
		{DC1AE840-538C-4580-ACD6-90854AD0DBDF}.Debug|x64.ActiveCfg = Debug|Any CPU
		{DC1AE840-538C-4580-ACD6-90854AD0DBDF}.Debug|x64.Build.0 = Debug|Any CPU
		{DC1AE840-538C-4580-ACD6-90854AD0DBDF}.Debug|x86.ActiveCfg = Debug|Any CPU
		{DC1AE840-538C-4580-ACD6-90854AD0DBDF}.Debug|x86.Build.0 = Debug|Any CPU
		{DC1AE840-538C-4580-ACD6-90854AD0DBDF}.Release|Any CPU.ActiveCfg = Release|Any CPU
		{DC1AE840-538C-4580-ACD6-90854AD0DBDF}.Release|Any CPU.Build.0 = Release|Any CPU
		{DC1AE840-538C-4580-ACD6-90854AD0DBDF}.Release|x64.ActiveCfg = Release|Any CPU
		{DC1AE840-538C-4580-ACD6-90854AD0DBDF}.Release|x64.Build.0 = Release|Any CPU
		{DC1AE840-538C-4580-ACD6-90854AD0DBDF}.Release|x86.ActiveCfg = Release|Any CPU
		{DC1AE840-538C-4580-ACD6-90854AD0DBDF}.Release|x86.Build.0 = Release|Any CPU
	EndGlobalSection
	GlobalSection(SolutionProperties) = preSolution
		HideSolutionNode = FALSE
	EndGlobalSection
	GlobalSection(NestedProjects) = preSolution
		{46DC25F6-8B6E-44DE-B32C-AD07CEBDB611} = {021C433E-F4D6-4F2A-98E3-27F6B5B33E72}
		{DC1AE840-538C-4580-ACD6-90854AD0DBDF} = {E69B363E-5535-4D62-80EF-9ACCB90A7998}
	EndGlobalSection
	GlobalSection(ExtensibilityGlobals) = postSolution
		SolutionGuid = {31D9B27B-372C-4668-86F8-7D9EFACDA9B0}
	EndGlobalSection
EndGlobal
